<?xml version="1.0" encoding="utf-8"?>
<Project ToolsVersion="4.0" xmlns="http://schemas.microsoft.com/developer/msbuild/2003">
  <ItemGroup>
    <Filter Include="Recursos">
      <UniqueIdentifier>{67DA6AB6-F800-4c08-8B7A-83BB121AAD01}</UniqueIdentifier>
      <Extensions>rc;ico;cur;bmp;dlg;rc2;rct;bin;rgs;gif;jpg;jpeg;jpe;resx;tiff;tif;png;wav;mfcribbon-ms</Extensions>
    </Filter>
    <Filter Include="Source">
      <UniqueIdentifier>{4FC737F1-C7A5-4376-A066-2A32D752A2FF}</UniqueIdentifier>
      <Extensions>cpp;c;cc;cxx;c++;cppm;ixx;def;odl;idl;hpj;bat;asm;asmx</Extensions>
    </Filter>
    <Filter Include="Source\src">
      <UniqueIdentifier>{64ea000d-b2e6-42a7-81cd-441ade4d0188}</UniqueIdentifier>
    </Filter>
  </ItemGroup>
  <ItemGroup>
    <ClCompile Include="src\main.cpp">
      <Filter>Source\src</Filter>
    </ClCompile>
    <ClCompile Include="src\cConio.cpp">
      <Filter>Source\src</Filter>
    </ClCompile>
    <ClCompile Include="src\cLog.cpp">
      <Filter>Source\src</Filter>
    </ClCompile>
    <ClCompile Include="src\cConsola.cpp">
      <Filter>Source\src</Filter>
    </ClCompile>
    <ClCompile Include="src\sLaberinto.cpp">
      <Filter>Source\src</Filter>
    </ClCompile>
  </ItemGroup>
  <ItemGroup>
    <ClInclude Include="src\cConio.h">
      <Filter>Source\src</Filter>
    </ClInclude>
    <ClInclude Include="src\nComun.h">
      <Filter>Source\src</Filter>
    </ClInclude>
    <ClInclude Include="src\nExport.h">
      <Filter>Source\src</Filter>
    </ClInclude>
    <ClInclude Include="src\cLog.h">
      <Filter>Source\src</Filter>
    </ClInclude>
    <ClInclude Include="src\cConsola.h">
      <Filter>Source\src</Filter>
    </ClInclude>
    <ClInclude Include="src\sLaberinto.h">
      <Filter>Source\src</Filter>
    </ClInclude>
  </ItemGroup>
</Project>