<?xml version="1.0" encoding="utf-8"?>
<Project ToolsVersion="4.0" xmlns="http://schemas.microsoft.com/developer/msbuild/2003">
  <ItemGroup>
    <Filter Include="Recursos">
      <UniqueIdentifier>{67DA6AB6-F800-4c08-8B7A-83BB121AAD01}</UniqueIdentifier>
      <Extensions>rc;ico;cur;bmp;dlg;rc2;rct;bin;rgs;gif;jpg;jpeg;jpe;resx;tiff;tif;png;wav;mfcribbon-ms</Extensions>
    </Filter>
    <Filter Include="Source">
      <UniqueIdentifier>{4FC737F1-C7A5-4376-A066-2A32D752A2FF}</UniqueIdentifier>
      <Extensions>cpp;c;cc;cxx;c++;cppm;ixx;def;odl;idl;hpj;bat;asm;asmx</Extensions>
    </Filter>
    <Filter Include="Source\src">
      <UniqueIdentifier>{f3dacbef-b348-4b6f-a5e5-f8c5514de4a4}</UniqueIdentifier>
    </Filter>
    <Filter Include="cmd">
      <UniqueIdentifier>{0033ac12-4e19-40a1-897a-5e66413a2698}</UniqueIdentifier>
    </Filter>
  </ItemGroup>
  <ItemGroup>
    <ClCompile Include="src\cConio.cpp">
      <Filter>Source\src</Filter>
    </ClCompile>
    <ClCompile Include="src\cConsola.cpp">
      <Filter>Source\src</Filter>
    </ClCompile>
    <ClCompile Include="src\cLog.cpp">
      <Filter>Source\src</Filter>
    </ClCompile>
    <ClCompile Include="src\cRandom.cpp">
      <Filter>Source\src</Filter>
    </ClCompile>
    <ClCompile Include="src\main.cpp">
      <Filter>Source\src</Filter>
    </ClCompile>
    <ClCompile Include="src\sLaberinto.cpp">
      <Filter>Source\src</Filter>
    </ClCompile>
    <ClCompile Include="src\sVistaConsola.cpp">
      <Filter>Source\src</Filter>
    </ClCompile>
    <ClCompile Include="src\sVistaSDL.cpp">
      <Filter>Source\src</Filter>
    </ClCompile>
    <ClCompile Include="src\cTextura.cpp">
      <Filter>Source\src</Filter>
    </ClCompile>
    <ClCompile Include="src\sRenderObject.cpp">
      <Filter>Source\src</Filter>
    </ClCompile>
    <ClCompile Include="src\sMyMaze.cpp">
      <Filter>Source\src</Filter>
    </ClCompile>
  </ItemGroup>
  <ItemGroup>
    <ClInclude Include="src\cConio.h">
      <Filter>Source\src</Filter>
    </ClInclude>
    <ClInclude Include="src\cConsola.h">
      <Filter>Source\src</Filter>
    </ClInclude>
    <ClInclude Include="src\cLog.h">
      <Filter>Source\src</Filter>
    </ClInclude>
    <ClInclude Include="src\cRandom.hpp">
      <Filter>Source\src</Filter>
    </ClInclude>
    <ClInclude Include="src\nComun.h">
      <Filter>Source\src</Filter>
    </ClInclude>
    <ClInclude Include="src\nExport.h">
      <Filter>Source\src</Filter>
    </ClInclude>
    <ClInclude Include="src\sLaberinto.h">
      <Filter>Source\src</Filter>
    </ClInclude>
    <ClInclude Include="src\sPos.h">
      <Filter>Source\src</Filter>
    </ClInclude>
    <ClInclude Include="src\sVista.h">
      <Filter>Source\src</Filter>
    </ClInclude>
    <ClInclude Include="src\sVistaConsola.h">
      <Filter>Source\src</Filter>
    </ClInclude>
    <ClInclude Include="src\sVistaSDL.h">
      <Filter>Source\src</Filter>
    </ClInclude>
    <ClInclude Include="src\cTextura.h">
      <Filter>Source\src</Filter>
    </ClInclude>
    <ClInclude Include="src\sRenderObject.h">
      <Filter>Source\src</Filter>
    </ClInclude>
    <ClInclude Include="src\sMyMaze.h">
      <Filter>Source\src</Filter>
    </ClInclude>
  </ItemGroup>
  <ItemGroup>
    <None Include="..\comun\cmd\PostLinkSDL.bat">
      <Filter>cmd</Filter>
    </None>
  </ItemGroup>
  <ItemGroup>
    <Image Include="recursos\letraA.png">
      <Filter>Recursos</Filter>
    </Image>
    <Image Include="recursos\letraB.png">
      <Filter>Recursos</Filter>
    </Image>
    <Image Include="recursos\muro.png">
      <Filter>Recursos</Filter>
    </Image>
    <Image Include="recursos\negro.png">
      <Filter>Recursos</Filter>
    </Image>
    <Image Include="recursos\punto.png">
      <Filter>Recursos</Filter>
    </Image>
    <Image Include="recursos\letraA_transparente.png">
      <Filter>Recursos</Filter>
    </Image>
  </ItemGroup>
</Project>