<?xml version="1.0" encoding="utf-8"?>
<Project ToolsVersion="4.0" xmlns="http://schemas.microsoft.com/developer/msbuild/2003">
  <ItemGroup>
    <Filter Include="Recursos">
      <UniqueIdentifier>{67DA6AB6-F800-4c08-8B7A-83BB121AAD01}</UniqueIdentifier>
      <Extensions>rc;ico;cur;bmp;dlg;rc2;rct;bin;rgs;gif;jpg;jpeg;jpe;resx;tiff;tif;png;wav;mfcribbon-ms</Extensions>
    </Filter>
    <Filter Include="Source">
      <UniqueIdentifier>{4FC737F1-C7A5-4376-A066-2A32D752A2FF}</UniqueIdentifier>
      <Extensions>cpp;c;cc;cxx;c++;cppm;ixx;def;odl;idl;hpj;bat;asm;asmx</Extensions>
    </Filter>
    <Filter Include="cmd">
      <UniqueIdentifier>{93995380-89BD-4b04-88EB-625FBE52EBFB}</UniqueIdentifier>
      <Extensions>h;hh;hpp;hxx;h++;hm;inl;inc;ipp;xsd</Extensions>
    </Filter>
    <Filter Include="Source\src">
      <UniqueIdentifier>{5a7011bf-1e30-4493-923a-1763af83d2aa}</UniqueIdentifier>
    </Filter>
    <Filter Include="Recursos\shaders">
      <UniqueIdentifier>{b20accdb-323b-43a5-bdec-6488d8052239}</UniqueIdentifier>
    </Filter>
    <Filter Include="Source\src\game">
      <UniqueIdentifier>{2f45d77e-b851-496c-b957-c1797dfee428}</UniqueIdentifier>
    </Filter>
    <Filter Include="Source\src\game\laberinto">
      <UniqueIdentifier>{9f45ef15-60e3-411b-86aa-eada6e9aeb62}</UniqueIdentifier>
    </Filter>
    <Filter Include="Source\src\game\vistas">
      <UniqueIdentifier>{b5d99b88-c21a-44f6-b335-8dc2fd934348}</UniqueIdentifier>
    </Filter>
    <Filter Include="Recursos\texturas">
      <UniqueIdentifier>{6becb30c-53dd-45c7-b758-d40c5d1f133e}</UniqueIdentifier>
    </Filter>
    <Filter Include="Source\comun">
      <UniqueIdentifier>{8b0f27be-a106-410a-98f2-f8788bb54144}</UniqueIdentifier>
    </Filter>
    <Filter Include="Source\comun\swat">
      <UniqueIdentifier>{75da0ea6-e7d6-4de0-ab08-66561ab5bf41}</UniqueIdentifier>
    </Filter>
    <Filter Include="Source\comun\swat\input">
      <UniqueIdentifier>{a5a03397-899a-49af-940e-dc9cac4ac694}</UniqueIdentifier>
    </Filter>
    <Filter Include="Source\comun\swat\texturas">
      <UniqueIdentifier>{f6d39e97-3a79-4191-b7f4-273d6184ec6c}</UniqueIdentifier>
    </Filter>
    <Filter Include="Source\comun\swat\windows">
      <UniqueIdentifier>{b5499f2a-2802-48c5-9d70-4e54107f90ed}</UniqueIdentifier>
    </Filter>
    <Filter Include="Source\comun\swat\shaders">
      <UniqueIdentifier>{12f66b54-3e4d-4f3b-a3ad-f9bebb17178f}</UniqueIdentifier>
    </Filter>
    <Filter Include="Source\comun\tool">
      <UniqueIdentifier>{cdfdb17a-3a63-40ad-9470-22dc38f9f668}</UniqueIdentifier>
    </Filter>
    <Filter Include="Source\comun\tool\consola">
      <UniqueIdentifier>{9f738704-9157-420c-86f9-37266a26cfee}</UniqueIdentifier>
    </Filter>
    <Filter Include="Source\comun\swat\buffers">
      <UniqueIdentifier>{0670f549-93bd-4ceb-8db3-6c3afec7bdb1}</UniqueIdentifier>
    </Filter>
    <Filter Include="Source\comun\dll">
      <UniqueIdentifier>{dc78bc27-0161-45bc-b3b6-372f2a63b5c8}</UniqueIdentifier>
    </Filter>
  </ItemGroup>
  <ItemGroup>
    <None Include="..\comun\cmd\PostLinkGLEW.bat">
      <Filter>cmd</Filter>
    </None>
    <None Include="..\comun\shaders\fragment_cubo.glsl">
      <Filter>Recursos\shaders</Filter>
    </None>
    <None Include="..\comun\shaders\vertex_cubo.glsl">
      <Filter>Recursos\shaders</Filter>
    </None>
    <None Include="..\comun\shaders\fragment_triangulo.glsl">
      <Filter>Recursos\shaders</Filter>
    </None>
    <None Include="..\comun\shaders\vertex_triangulo.glsl">
      <Filter>Recursos\shaders</Filter>
    </None>
  </ItemGroup>
  <ItemGroup>
    <ClCompile Include="src\main.cpp">
      <Filter>Source\src</Filter>
    </ClCompile>
    <ClCompile Include="src\game\sGame.cpp">
      <Filter>Source\src\game</Filter>
    </ClCompile>
    <ClCompile Include="src\game\sGameWindow.cpp">
      <Filter>Source\src\game</Filter>
    </ClCompile>
    <ClCompile Include="src\game\sGlobal.cpp">
      <Filter>Source\src\game</Filter>
    </ClCompile>
    <ClCompile Include="src\game\sRenderSystem.cpp">
      <Filter>Source\src\game</Filter>
    </ClCompile>
    <ClCompile Include="src\game\vistas\sVista3D.cpp">
      <Filter>Source\src\game\vistas</Filter>
    </ClCompile>
    <ClCompile Include="src\game\vistas\sVistaConsola.cpp">
      <Filter>Source\src\game\vistas</Filter>
    </ClCompile>
    <ClCompile Include="src\game\laberinto\sLaberinto.cpp">
      <Filter>Source\src\game\laberinto</Filter>
    </ClCompile>
    <ClCompile Include="src\game\laberinto\sMyMaze.cpp">
      <Filter>Source\src\game\laberinto</Filter>
    </ClCompile>
    <ClCompile Include="..\comun\src\swat\cAtributo.cpp">
      <Filter>Source\comun\swat</Filter>
    </ClCompile>
    <ClCompile Include="..\comun\src\swat\cCamara.cpp">
      <Filter>Source\comun\swat</Filter>
    </ClCompile>
    <ClCompile Include="..\comun\src\swat\cModel.cpp">
      <Filter>Source\comun\swat</Filter>
    </ClCompile>
    <ClCompile Include="..\comun\src\swat\sOpenGL.cpp">
      <Filter>Source\comun\swat</Filter>
    </ClCompile>
    <ClCompile Include="..\comun\src\swat\sRenderObject.cpp">
      <Filter>Source\comun\swat</Filter>
    </ClCompile>
    <ClCompile Include="..\comun\src\swat\input\cRaton.cpp">
      <Filter>Source\comun\swat\input</Filter>
    </ClCompile>
    <ClCompile Include="..\comun\src\swat\input\cTeclado.cpp">
      <Filter>Source\comun\swat\input</Filter>
    </ClCompile>
    <ClCompile Include="..\comun\src\swat\texturas\cGestorTexturas.cpp">
      <Filter>Source\comun\swat\texturas</Filter>
    </ClCompile>
    <ClCompile Include="..\comun\src\swat\texturas\cTextura.cpp">
      <Filter>Source\comun\swat\texturas</Filter>
    </ClCompile>
    <ClCompile Include="..\comun\src\swat\windows\cModoGrafico.cpp">
      <Filter>Source\comun\swat\windows</Filter>
    </ClCompile>
    <ClCompile Include="..\comun\src\swat\windows\cMonitor.cpp">
      <Filter>Source\comun\swat\windows</Filter>
    </ClCompile>
    <ClCompile Include="..\comun\src\swat\windows\cVecModosGraficos.cpp">
      <Filter>Source\comun\swat\windows</Filter>
    </ClCompile>
    <ClCompile Include="..\comun\src\swat\windows\sWindow.cpp">
      <Filter>Source\comun\swat\windows</Filter>
    </ClCompile>
    <ClCompile Include="..\comun\src\swat\shaders\cGestorShaders.cpp">
      <Filter>Source\comun\swat\shaders</Filter>
    </ClCompile>
    <ClCompile Include="..\comun\src\swat\shaders\cShader.cpp">
      <Filter>Source\comun\swat\shaders</Filter>
    </ClCompile>
    <ClCompile Include="..\comun\src\tool\cItem.cpp">
      <Filter>Source\comun\tool</Filter>
    </ClCompile>
    <ClCompile Include="..\comun\src\tool\cLog.cpp">
      <Filter>Source\comun\tool</Filter>
    </ClCompile>
    <ClCompile Include="..\comun\src\tool\cRandom.cpp">
      <Filter>Source\comun\tool</Filter>
    </ClCompile>
    <ClCompile Include="..\comun\src\tool\cTime.cpp">
      <Filter>Source\comun\tool</Filter>
    </ClCompile>
    <ClCompile Include="..\comun\src\tool\cTool.cpp">
      <Filter>Source\comun\tool</Filter>
    </ClCompile>
    <ClCompile Include="..\comun\src\tool\iMensajes.cpp">
      <Filter>Source\comun\tool</Filter>
    </ClCompile>
    <ClCompile Include="..\comun\src\tool\sMath.cpp">
      <Filter>Source\comun\tool</Filter>
    </ClCompile>
    <ClCompile Include="..\comun\src\tool\consola\cConio.cpp">
      <Filter>Source\comun\tool\consola</Filter>
    </ClCompile>
    <ClCompile Include="..\comun\src\tool\consola\cConsola.cpp">
      <Filter>Source\comun\tool\consola</Filter>
    </ClCompile>
    <ClCompile Include="..\comun\src\swat\buffers\cMalla.cpp">
      <Filter>Source\comun\swat\buffers</Filter>
    </ClCompile>
    <ClCompile Include="..\comun\src\tool\sString.cpp">
      <Filter>Source\comun\tool</Filter>
    </ClCompile>
    <ClCompile Include="..\comun\src\tool\cValor.cpp">
      <Filter>Source\comun\tool</Filter>
    </ClCompile>
    <ClCompile Include="..\comun\src\tool\cToken.cpp">
      <Filter>Source\comun\tool</Filter>
    </ClCompile>
  </ItemGroup>
  <ItemGroup>
    <ClInclude Include="src\game\sGame.h">
      <Filter>Source\src\game</Filter>
    </ClInclude>
    <ClInclude Include="src\game\sGameWindow.h">
      <Filter>Source\src\game</Filter>
    </ClInclude>
    <ClInclude Include="src\game\sGlobal.h">
      <Filter>Source\src\game</Filter>
    </ClInclude>
    <ClInclude Include="src\game\sRenderSystem.h">
      <Filter>Source\src\game</Filter>
    </ClInclude>
    <ClInclude Include="src\game\vistas\sVista.h">
      <Filter>Source\src\game\vistas</Filter>
    </ClInclude>
    <ClInclude Include="src\game\vistas\sVista3D.h">
      <Filter>Source\src\game\vistas</Filter>
    </ClInclude>
    <ClInclude Include="src\game\vistas\sVistaConsola.h">
      <Filter>Source\src\game\vistas</Filter>
    </ClInclude>
    <ClInclude Include="src\game\laberinto\sLaberinto.h">
      <Filter>Source\src\game\laberinto</Filter>
    </ClInclude>
    <ClInclude Include="src\game\laberinto\sMyMaze.h">
      <Filter>Source\src\game\laberinto</Filter>
    </ClInclude>
    <ClInclude Include="src\game\laberinto\sPos.h">
      <Filter>Source\src\game\laberinto</Filter>
    </ClInclude>
    <ClInclude Include="..\comun\src\swat\cAtributo.h">
      <Filter>Source\comun\swat</Filter>
    </ClInclude>
    <ClInclude Include="..\comun\src\swat\cCamara.h">
      <Filter>Source\comun\swat</Filter>
    </ClInclude>
    <ClInclude Include="..\comun\src\swat\cModel.h">
      <Filter>Source\comun\swat</Filter>
    </ClInclude>
    <ClInclude Include="..\comun\src\swat\sOpenGL.h">
      <Filter>Source\comun\swat</Filter>
    </ClInclude>
    <ClInclude Include="..\comun\src\swat\sRenderObject.h">
      <Filter>Source\comun\swat</Filter>
    </ClInclude>
    <ClInclude Include="..\comun\src\swat\input\cRaton.h">
      <Filter>Source\comun\swat\input</Filter>
    </ClInclude>
    <ClInclude Include="..\comun\src\swat\input\cTeclado.h">
      <Filter>Source\comun\swat\input</Filter>
    </ClInclude>
    <ClInclude Include="..\comun\src\swat\input\nCommonKeys.h">
      <Filter>Source\comun\swat\input</Filter>
    </ClInclude>
    <ClInclude Include="..\comun\src\swat\texturas\cGestorTexturas.h">
      <Filter>Source\comun\swat\texturas</Filter>
    </ClInclude>
    <ClInclude Include="..\comun\src\swat\texturas\cTextura.h">
      <Filter>Source\comun\swat\texturas</Filter>
    </ClInclude>
    <ClInclude Include="..\comun\src\swat\windows\cModoGrafico.h">
      <Filter>Source\comun\swat\windows</Filter>
    </ClInclude>
    <ClInclude Include="..\comun\src\swat\windows\cMonitor.h">
      <Filter>Source\comun\swat\windows</Filter>
    </ClInclude>
    <ClInclude Include="..\comun\src\swat\windows\cVecModosGraficos.h">
      <Filter>Source\comun\swat\windows</Filter>
    </ClInclude>
    <ClInclude Include="..\comun\src\swat\windows\sWindow.h">
      <Filter>Source\comun\swat\windows</Filter>
    </ClInclude>
    <ClInclude Include="..\comun\src\swat\windows\tRect.h">
      <Filter>Source\comun\swat\windows</Filter>
    </ClInclude>
    <ClInclude Include="..\comun\src\swat\shaders\cGestorShaders.h">
      <Filter>Source\comun\swat\shaders</Filter>
    </ClInclude>
    <ClInclude Include="..\comun\src\swat\shaders\cShader.h">
      <Filter>Source\comun\swat\shaders</Filter>
    </ClInclude>
    <ClInclude Include="..\comun\src\tool\cItem.h">
      <Filter>Source\comun\tool</Filter>
    </ClInclude>
    <ClInclude Include="..\comun\src\tool\cLog.h">
      <Filter>Source\comun\tool</Filter>
    </ClInclude>
    <ClInclude Include="..\comun\src\tool\cRandom.hpp">
      <Filter>Source\comun\tool</Filter>
    </ClInclude>
    <ClInclude Include="..\comun\src\tool\cTime.h">
      <Filter>Source\comun\tool</Filter>
    </ClInclude>
    <ClInclude Include="..\comun\src\tool\cTool.h">
      <Filter>Source\comun\tool</Filter>
    </ClInclude>
    <ClInclude Include="..\comun\src\tool\iMensajes.h">
      <Filter>Source\comun\tool</Filter>
    </ClInclude>
    <ClInclude Include="..\comun\src\tool\nComun.h">
      <Filter>Source\comun\tool</Filter>
    </ClInclude>
    <ClInclude Include="..\comun\src\tool\nMensajes.h">
      <Filter>Source\comun\tool</Filter>
    </ClInclude>
    <ClInclude Include="..\comun\src\tool\sMath.h">
      <Filter>Source\comun\tool</Filter>
    </ClInclude>
    <ClInclude Include="..\comun\src\tool\consola\cConio.h">
      <Filter>Source\comun\tool\consola</Filter>
    </ClInclude>
    <ClInclude Include="..\comun\src\tool\consola\cConsola.h">
      <Filter>Source\comun\tool\consola</Filter>
    </ClInclude>
    <ClInclude Include="..\comun\src\swat\buffers\cMalla.h">
      <Filter>Source\comun\swat\buffers</Filter>
    </ClInclude>
    <ClInclude Include="..\comun\src\dll\nExport.h">
      <Filter>Source\comun\dll</Filter>
    </ClInclude>
    <ClInclude Include="..\comun\src\tool\sString.h">
      <Filter>Source\comun\tool</Filter>
    </ClInclude>
    <ClInclude Include="..\comun\src\tool\cValor.h">
      <Filter>Source\comun\tool</Filter>
    </ClInclude>
    <ClInclude Include="..\comun\src\tool\cToken.h">
      <Filter>Source\comun\tool</Filter>
    </ClInclude>
  </ItemGroup>
  <ItemGroup>
    <Image Include="..\comun\textures\grid.jpg">
      <Filter>Recursos\texturas</Filter>
    </Image>
    <Image Include="..\comun\textures\letraA_negro.png">
      <Filter>Recursos\texturas</Filter>
    </Image>
    <Image Include="..\comun\textures\letraB_negro.png">
      <Filter>Recursos\texturas</Filter>
    </Image>
    <Image Include="..\comun\textures\marca_circulo.png">
      <Filter>Recursos\texturas</Filter>
    </Image>
    <Image Include="..\comun\textures\punto_marca_00.png">
      <Filter>Recursos\texturas</Filter>
    </Image>
    <Image Include="..\comun\textures\wooden_crate.jpg">
      <Filter>Recursos\texturas</Filter>
    </Image>
  </ItemGroup>
</Project>