<?xml version="1.0" encoding="utf-8"?>
<Project ToolsVersion="4.0" xmlns="http://schemas.microsoft.com/developer/msbuild/2003">
  <ItemGroup>
    <Filter Include="Recursos">
      <UniqueIdentifier>{67DA6AB6-F800-4c08-8B7A-83BB121AAD01}</UniqueIdentifier>
      <Extensions>rc;ico;cur;bmp;dlg;rc2;rct;bin;rgs;gif;jpg;jpeg;jpe;resx;tiff;tif;png;wav;mfcribbon-ms</Extensions>
    </Filter>
    <Filter Include="Source">
      <UniqueIdentifier>{4FC737F1-C7A5-4376-A066-2A32D752A2FF}</UniqueIdentifier>
      <Extensions>cpp;c;cc;cxx;c++;cppm;ixx;def;odl;idl;hpj;bat;asm;asmx</Extensions>
    </Filter>
    <Filter Include="cmd">
      <UniqueIdentifier>{93995380-89BD-4b04-88EB-625FBE52EBFB}</UniqueIdentifier>
      <Extensions>h;hh;hpp;hxx;h++;hm;inl;inc;ipp;xsd</Extensions>
    </Filter>
    <Filter Include="Source\src">
      <UniqueIdentifier>{5a7011bf-1e30-4493-923a-1763af83d2aa}</UniqueIdentifier>
    </Filter>
    <Filter Include="Source\src\tool">
      <UniqueIdentifier>{3fb00bd3-6a9f-40b6-a909-ec182e540278}</UniqueIdentifier>
    </Filter>
    <Filter Include="Source\src\tool\consola">
      <UniqueIdentifier>{6765a81b-26f2-4914-ac57-2cb8114ef7c5}</UniqueIdentifier>
    </Filter>
    <Filter Include="Source\src\swat">
      <UniqueIdentifier>{96d485bd-2b80-4b66-9b71-ab8ea6f089b2}</UniqueIdentifier>
    </Filter>
    <Filter Include="Source\src\swat\input">
      <UniqueIdentifier>{6edd819d-9db6-4573-ab7a-c77410f03ce4}</UniqueIdentifier>
    </Filter>
    <Filter Include="Source\src\swat\texturas">
      <UniqueIdentifier>{0bb36dfb-9140-45b4-992f-9f6159742962}</UniqueIdentifier>
    </Filter>
    <Filter Include="Source\src\swat\windows">
      <UniqueIdentifier>{5c3aecc1-c4a9-48d6-9c57-712e90d3c144}</UniqueIdentifier>
    </Filter>
    <Filter Include="Source\src\swat\shaders">
      <UniqueIdentifier>{280f6ca1-d483-4d97-9bda-770d5aa62984}</UniqueIdentifier>
    </Filter>
    <Filter Include="Recursos\shaders">
      <UniqueIdentifier>{b20accdb-323b-43a5-bdec-6488d8052239}</UniqueIdentifier>
    </Filter>
    <Filter Include="Source\src\game">
      <UniqueIdentifier>{2f45d77e-b851-496c-b957-c1797dfee428}</UniqueIdentifier>
    </Filter>
    <Filter Include="Source\src\game\laberinto">
      <UniqueIdentifier>{9f45ef15-60e3-411b-86aa-eada6e9aeb62}</UniqueIdentifier>
    </Filter>
    <Filter Include="Source\src\game\vistas">
      <UniqueIdentifier>{b5d99b88-c21a-44f6-b335-8dc2fd934348}</UniqueIdentifier>
    </Filter>
    <Filter Include="Recursos\texturas">
      <UniqueIdentifier>{6becb30c-53dd-45c7-b758-d40c5d1f133e}</UniqueIdentifier>
    </Filter>
  </ItemGroup>
  <ItemGroup>
    <None Include="..\comun\cmd\PostLinkGLEW.bat">
      <Filter>cmd</Filter>
    </None>
    <None Include="..\comun\shaders\fragment_cubo.glsl">
      <Filter>Recursos\shaders</Filter>
    </None>
    <None Include="..\comun\shaders\vertex_cubo.glsl">
      <Filter>Recursos\shaders</Filter>
    </None>
    <None Include="..\comun\shaders\fragment_triangulo.glsl">
      <Filter>Recursos\shaders</Filter>
    </None>
    <None Include="..\comun\shaders\vertex_triangulo.glsl">
      <Filter>Recursos\shaders</Filter>
    </None>
  </ItemGroup>
  <ItemGroup>
    <ClCompile Include="src\main.cpp">
      <Filter>Source\src</Filter>
    </ClCompile>
    <ClCompile Include="src\tool\consola\cConio.cpp">
      <Filter>Source\src\tool\consola</Filter>
    </ClCompile>
    <ClCompile Include="src\tool\consola\cConsola.cpp">
      <Filter>Source\src\tool\consola</Filter>
    </ClCompile>
    <ClCompile Include="src\tool\cLog.cpp">
      <Filter>Source\src\tool</Filter>
    </ClCompile>
    <ClCompile Include="src\tool\cRandom.cpp">
      <Filter>Source\src\tool</Filter>
    </ClCompile>
    <ClCompile Include="src\tool\cTime.cpp">
      <Filter>Source\src\tool</Filter>
    </ClCompile>
    <ClCompile Include="src\swat\sRenderObject.cpp">
      <Filter>Source\src\swat</Filter>
    </ClCompile>
    <ClCompile Include="src\tool\cItem.cpp">
      <Filter>Source\src\tool</Filter>
    </ClCompile>
    <ClCompile Include="src\tool\cTool.cpp">
      <Filter>Source\src\tool</Filter>
    </ClCompile>
    <ClCompile Include="src\swat\sOpenGL.cpp">
      <Filter>Source\src\swat</Filter>
    </ClCompile>
    <ClCompile Include="src\tool\iMensajes.cpp">
      <Filter>Source\src\tool</Filter>
    </ClCompile>
    <ClCompile Include="src\swat\cModel.cpp">
      <Filter>Source\src\swat</Filter>
    </ClCompile>
    <ClCompile Include="src\swat\cMalla.cpp">
      <Filter>Source\src\swat</Filter>
    </ClCompile>
    <ClCompile Include="src\swat\input\cTeclado.cpp">
      <Filter>Source\src\swat\input</Filter>
    </ClCompile>
    <ClCompile Include="src\swat\windows\cModoGrafico.cpp">
      <Filter>Source\src\swat\windows</Filter>
    </ClCompile>
    <ClCompile Include="src\swat\windows\cMonitor.cpp">
      <Filter>Source\src\swat\windows</Filter>
    </ClCompile>
    <ClCompile Include="src\swat\windows\cVecModosGraficos.cpp">
      <Filter>Source\src\swat\windows</Filter>
    </ClCompile>
    <ClCompile Include="src\swat\windows\sWindow.cpp">
      <Filter>Source\src\swat\windows</Filter>
    </ClCompile>
    <ClCompile Include="src\swat\texturas\cGestorTexturas.cpp">
      <Filter>Source\src\swat\texturas</Filter>
    </ClCompile>
    <ClCompile Include="src\swat\texturas\cTextura.cpp">
      <Filter>Source\src\swat\texturas</Filter>
    </ClCompile>
    <ClCompile Include="src\swat\shaders\cGestorShaders.cpp">
      <Filter>Source\src\swat\shaders</Filter>
    </ClCompile>
    <ClCompile Include="src\swat\shaders\cShader.cpp">
      <Filter>Source\src\swat\shaders</Filter>
    </ClCompile>
    <ClCompile Include="src\swat\cCamara.cpp">
      <Filter>Source\src\swat</Filter>
    </ClCompile>
    <ClCompile Include="src\swat\input\cRaton.cpp">
      <Filter>Source\src\swat\input</Filter>
    </ClCompile>
    <ClCompile Include="src\game\sGame.cpp">
      <Filter>Source\src\game</Filter>
    </ClCompile>
    <ClCompile Include="src\game\sGameWindow.cpp">
      <Filter>Source\src\game</Filter>
    </ClCompile>
    <ClCompile Include="src\game\sGlobal.cpp">
      <Filter>Source\src\game</Filter>
    </ClCompile>
    <ClCompile Include="src\game\sRenderSystem.cpp">
      <Filter>Source\src\game</Filter>
    </ClCompile>
    <ClCompile Include="src\game\vistas\sVista3D.cpp">
      <Filter>Source\src\game\vistas</Filter>
    </ClCompile>
    <ClCompile Include="src\game\vistas\sVistaConsola.cpp">
      <Filter>Source\src\game\vistas</Filter>
    </ClCompile>
    <ClCompile Include="src\game\laberinto\sLaberinto.cpp">
      <Filter>Source\src\game\laberinto</Filter>
    </ClCompile>
    <ClCompile Include="src\game\laberinto\sMyMaze.cpp">
      <Filter>Source\src\game\laberinto</Filter>
    </ClCompile>
    <ClCompile Include="src\swat\cAtributo.cpp">
      <Filter>Source\src\swat</Filter>
    </ClCompile>
    <ClCompile Include="src\tool\sMath.cpp">
      <Filter>Source\src\tool</Filter>
    </ClCompile>
  </ItemGroup>
  <ItemGroup>
    <ClInclude Include="src\tool\consola\cConio.h">
      <Filter>Source\src\tool\consola</Filter>
    </ClInclude>
    <ClInclude Include="src\tool\consola\cConsola.h">
      <Filter>Source\src\tool\consola</Filter>
    </ClInclude>
    <ClInclude Include="src\tool\cLog.h">
      <Filter>Source\src\tool</Filter>
    </ClInclude>
    <ClInclude Include="src\tool\cRandom.hpp">
      <Filter>Source\src\tool</Filter>
    </ClInclude>
    <ClInclude Include="src\tool\cTime.h">
      <Filter>Source\src\tool</Filter>
    </ClInclude>
    <ClInclude Include="src\tool\nComun.h">
      <Filter>Source\src\tool</Filter>
    </ClInclude>
    <ClInclude Include="src\tool\nExport.h">
      <Filter>Source\src\tool</Filter>
    </ClInclude>
    <ClInclude Include="src\swat\sRenderObject.h">
      <Filter>Source\src\swat</Filter>
    </ClInclude>
    <ClInclude Include="src\tool\cItem.h">
      <Filter>Source\src\tool</Filter>
    </ClInclude>
    <ClInclude Include="src\tool\cTool.h">
      <Filter>Source\src\tool</Filter>
    </ClInclude>
    <ClInclude Include="src\swat\sOpenGL.h">
      <Filter>Source\src\swat</Filter>
    </ClInclude>
    <ClInclude Include="src\tool\iMensajes.h">
      <Filter>Source\src\tool</Filter>
    </ClInclude>
    <ClInclude Include="src\swat\cModel.h">
      <Filter>Source\src\swat</Filter>
    </ClInclude>
    <ClInclude Include="src\swat\cMalla.h">
      <Filter>Source\src\swat</Filter>
    </ClInclude>
    <ClInclude Include="src\swat\input\cTeclado.h">
      <Filter>Source\src\swat\input</Filter>
    </ClInclude>
    <ClInclude Include="src\swat\input\nCommonKeys.h">
      <Filter>Source\src\swat\input</Filter>
    </ClInclude>
    <ClInclude Include="src\swat\windows\cModoGrafico.h">
      <Filter>Source\src\swat\windows</Filter>
    </ClInclude>
    <ClInclude Include="src\swat\windows\cMonitor.h">
      <Filter>Source\src\swat\windows</Filter>
    </ClInclude>
    <ClInclude Include="src\swat\windows\cVecModosGraficos.h">
      <Filter>Source\src\swat\windows</Filter>
    </ClInclude>
    <ClInclude Include="src\swat\windows\sWindow.h">
      <Filter>Source\src\swat\windows</Filter>
    </ClInclude>
    <ClInclude Include="src\swat\texturas\cGestorTexturas.h">
      <Filter>Source\src\swat\texturas</Filter>
    </ClInclude>
    <ClInclude Include="src\swat\texturas\cTextura.h">
      <Filter>Source\src\swat\texturas</Filter>
    </ClInclude>
    <ClInclude Include="src\swat\shaders\cGestorShaders.h">
      <Filter>Source\src\swat\shaders</Filter>
    </ClInclude>
    <ClInclude Include="src\swat\shaders\cShader.h">
      <Filter>Source\src\swat\shaders</Filter>
    </ClInclude>
    <ClInclude Include="src\swat\cCamara.h">
      <Filter>Source\src\swat</Filter>
    </ClInclude>
    <ClInclude Include="src\swat\input\cRaton.h">
      <Filter>Source\src\swat\input</Filter>
    </ClInclude>
    <ClInclude Include="src\swat\windows\tRect.h">
      <Filter>Source\src\swat\windows</Filter>
    </ClInclude>
    <ClInclude Include="src\game\sGame.h">
      <Filter>Source\src\game</Filter>
    </ClInclude>
    <ClInclude Include="src\game\sGameWindow.h">
      <Filter>Source\src\game</Filter>
    </ClInclude>
    <ClInclude Include="src\game\sGlobal.h">
      <Filter>Source\src\game</Filter>
    </ClInclude>
    <ClInclude Include="src\game\sRenderSystem.h">
      <Filter>Source\src\game</Filter>
    </ClInclude>
    <ClInclude Include="src\game\vistas\sVista.h">
      <Filter>Source\src\game\vistas</Filter>
    </ClInclude>
    <ClInclude Include="src\game\vistas\sVista3D.h">
      <Filter>Source\src\game\vistas</Filter>
    </ClInclude>
    <ClInclude Include="src\game\vistas\sVistaConsola.h">
      <Filter>Source\src\game\vistas</Filter>
    </ClInclude>
    <ClInclude Include="src\game\laberinto\sLaberinto.h">
      <Filter>Source\src\game\laberinto</Filter>
    </ClInclude>
    <ClInclude Include="src\game\laberinto\sMyMaze.h">
      <Filter>Source\src\game\laberinto</Filter>
    </ClInclude>
    <ClInclude Include="src\game\laberinto\sPos.h">
      <Filter>Source\src\game\laberinto</Filter>
    </ClInclude>
    <ClInclude Include="src\swat\cAtributo.h">
      <Filter>Source\src\swat</Filter>
    </ClInclude>
    <ClInclude Include="src\tool\sMath.h">
      <Filter>Source\src\tool</Filter>
    </ClInclude>
  </ItemGroup>
  <ItemGroup>
    <Image Include="..\comun\textures\grid.jpg">
      <Filter>Recursos\texturas</Filter>
    </Image>
    <Image Include="..\comun\textures\letraA_negro.png">
      <Filter>Recursos\texturas</Filter>
    </Image>
    <Image Include="..\comun\textures\letraB_negro.png">
      <Filter>Recursos\texturas</Filter>
    </Image>
    <Image Include="..\comun\textures\marca_circulo.png">
      <Filter>Recursos\texturas</Filter>
    </Image>
    <Image Include="..\comun\textures\punto_marca_00.png">
      <Filter>Recursos\texturas</Filter>
    </Image>
    <Image Include="..\comun\textures\wooden_crate.jpg">
      <Filter>Recursos\texturas</Filter>
    </Image>
  </ItemGroup>
</Project>