<?xml version="1.0" encoding="utf-8"?>
<Project ToolsVersion="4.0" xmlns="http://schemas.microsoft.com/developer/msbuild/2003">
  <ItemGroup>
    <Filter Include="cmd">
      <UniqueIdentifier>{d5de5360-47f9-4402-8565-f49dcf0afee4}</UniqueIdentifier>
    </Filter>
    <Filter Include="recursos">
      <UniqueIdentifier>{67DA6AB6-F800-4c08-8B7A-83BB121AAD01}</UniqueIdentifier>
      <Extensions>rc;ico;cur;bmp;dlg;rc2;rct;bin;rgs;gif;jpg;jpeg;jpe;resx;tiff;tif;png;wav;mfcribbon-ms</Extensions>
    </Filter>
    <Filter Include="Source">
      <UniqueIdentifier>{4FC737F1-C7A5-4376-A066-2A32D752A2FF}</UniqueIdentifier>
      <Extensions>cpp;c;cc;cxx;c++;cppm;ixx;def;odl;idl;hpj;bat;asm;asmx</Extensions>
    </Filter>
    <Filter Include="Source\src">
      <UniqueIdentifier>{f791c3e3-1c48-4e6b-b354-cd83d78201ea}</UniqueIdentifier>
    </Filter>
  </ItemGroup>
  <ItemGroup>
    <None Include="..\comun\cmd\PostLinkGLEW.bat">
      <Filter>cmd</Filter>
    </None>
  </ItemGroup>
  <ItemGroup>
    <ClCompile Include="src\BamTang04.cpp">
      <Filter>Source\src</Filter>
    </ClCompile>
    <ClCompile Include="src\sGame.cpp">
      <Filter>Source\src</Filter>
    </ClCompile>
    <ClCompile Include="src\sGameWindow.cpp">
      <Filter>Source\src</Filter>
    </ClCompile>
    <ClCompile Include="src\sGlobal.cpp">
      <Filter>Source\src</Filter>
    </ClCompile>
    <ClCompile Include="src\sBall.cpp">
      <Filter>Source\src</Filter>
    </ClCompile>
    <ClCompile Include="src\sCollisionSystem.cpp">
      <Filter>Source\src</Filter>
    </ClCompile>
    <ClCompile Include="src\sPhysicsSystem.cpp">
      <Filter>Source\src</Filter>
    </ClCompile>
    <ClCompile Include="src\sOrigen.cpp">
      <Filter>Source\src</Filter>
    </ClCompile>
  </ItemGroup>
  <ItemGroup>
    <ClInclude Include="src\BamTang04.h">
      <Filter>Source\src</Filter>
    </ClInclude>
    <ClInclude Include="src\sGame.h">
      <Filter>Source\src</Filter>
    </ClInclude>
    <ClInclude Include="src\sGameWindow.h">
      <Filter>Source\src</Filter>
    </ClInclude>
    <ClInclude Include="src\sGlobal.h">
      <Filter>Source\src</Filter>
    </ClInclude>
    <ClInclude Include="src\sBall.h">
      <Filter>Source\src</Filter>
    </ClInclude>
    <ClInclude Include="src\sCollisionSystem.h">
      <Filter>Source\src</Filter>
    </ClInclude>
    <ClInclude Include="src\sPhysicsSystem.h">
      <Filter>Source\src</Filter>
    </ClInclude>
    <ClInclude Include="src\sOrigen.h">
      <Filter>Source\src</Filter>
    </ClInclude>
  </ItemGroup>
</Project>